lockfileVersion: '9.0'

settings:
  autoInstallPeers: true
  excludeLinksFromLockfile: false

importers:

  .:
    dependencies:
      '@myriaddreamin/typst-ts-renderer':
        specifier: 0.8.0-rc3
        version: 0.8.0-rc3
      '@myriaddreamin/typst-ts-web-compiler':
        specifier: 0.8.0-rc3
        version: 0.8.0-rc3
      '@myriaddreamin/typst.ts':
        specifier: 0.8.0-rc3
        version: 0.8.0-rc3(@myriaddreamin/typst-ts-renderer@0.8.0-rc3)(@myriaddreamin/typst-ts-web-compiler@0.8.0-rc3)

packages:

  '@myriaddreamin/typst-ts-renderer@0.8.0-rc3':
    resolution: {integrity: sha512-z4e5AXSnZcY00jyK3Jp/OLO1i3bbkJmEzC946KsFnIsd7PEjjttLOIrv4n+AEClQcd7trkU6d+RprioiTIsI6A==}

  '@myriaddreamin/typst-ts-web-compiler@0.8.0-rc3':
    resolution: {integrity: sha512-akc8TlhBzldlU1DtbDvR/6ufzgJmQrZMqfYY2fCFbH7y/+h3YdmnyF+twtVqwv+g6YuFXm/Oc1wwa6cYQX4/aw==}

  '@myriaddreamin/typst.ts@0.8.0-rc3':
    resolution: {integrity: sha512-Z5SzwBRNV3a8Zz6BCdUBnAKRQj2khNM90dhwFpGkefIYiFJ5AUj/F02uoyDZmY2TvziDKEsJn0800BeF7J8mAw==}
    peerDependencies:
      '@myriaddreamin/typst-ts-renderer': ^0.8.0-rc3
      '@myriaddreamin/typst-ts-web-compiler': ^0.8.0-rc3
    peerDependenciesMeta:
      '@myriaddreamin/typst-ts-renderer':
        optional: true
      '@myriaddreamin/typst-ts-web-compiler':
        optional: true

  idb@7.1.1:
    resolution: {integrity: sha512-gchesWBzyvGHRO9W8tzUWFDycow5gwjvFKfyV9FF32Y7F50yZMp7mP+T2mJIWFx49zicqyC4uefHM17o6xKIVQ==}

snapshots:

  '@myriaddreamin/typst-ts-renderer@0.8.0-rc3': {}

  '@myriaddreamin/typst-ts-web-compiler@0.8.0-rc3': {}

  '@myriaddreamin/typst.ts@0.8.0-rc3(@myriaddreamin/typst-ts-renderer@0.8.0-rc3)(@myriaddreamin/typst-ts-web-compiler@0.8.0-rc3)':
    dependencies:
      idb: 7.1.1
    optionalDependencies:
      '@myriaddreamin/typst-ts-renderer': 0.8.0-rc3
      '@myriaddreamin/typst-ts-web-compiler': 0.8.0-rc3

  idb@7.1.1: {}
