lockfileVersion: '9.0'

settings:
  autoInstallPeers: true
  excludeLinksFromLockfile: false

importers:

  .:
    dependencies:
      '@myriaddreamin/typst-ts-renderer':
        specifier: 0.7.0
        version: 0.7.0
      '@myriaddreamin/typst-ts-web-compiler':
        specifier: 0.7.0
        version: 0.7.0
      '@myriaddreamin/typst.ts':
        specifier: 0.7.0
        version: 0.7.0(@myriaddreamin/typst-ts-renderer@0.7.0)(@myriaddreamin/typst-ts-web-compiler@0.7.0)

packages:

  '@myriaddreamin/typst-ts-renderer@0.7.0':
    resolution: {integrity: sha512-3sXIGxZn9MufPrPn6251DeuLf2FIEILYNzY5lX0XOJmaIYqgvQ3qpfqkCjgQD+splBvt5R1N3BuuNFrZKsHhMw==}

  '@myriaddreamin/typst-ts-web-compiler@0.7.0':
    resolution: {integrity: sha512-nMwMcfOBy5pABPDuVM7/u8425SxhPUM+OJe6daqqgVOT3+neCTz4JKwx2L8XasfEHTNvd0cUI07LR9q5ADo7Gw==}

  '@myriaddreamin/typst.ts@0.7.0':
    resolution: {integrity: sha512-JtO5Td/1QesH1IBKAZtbayFNK8u2sl3iz18Y67uYqBEdcXiu3z+wpZcDDKlmVJvAcCgSjHTnuk6ZLfkYclrGGQ==}
    peerDependencies:
      '@myriaddreamin/typst-ts-renderer': ^0.7.0
      '@myriaddreamin/typst-ts-web-compiler': ^0.7.0
    peerDependenciesMeta:
      '@myriaddreamin/typst-ts-renderer':
        optional: true
      '@myriaddreamin/typst-ts-web-compiler':
        optional: true

  idb@7.1.1:
    resolution: {integrity: sha512-gchesWBzyvGHRO9W8tzUWFDycow5gwjvFKfyV9FF32Y7F50yZMp7mP+T2mJIWFx49zicqyC4uefHM17o6xKIVQ==}

snapshots:

  '@myriaddreamin/typst-ts-renderer@0.7.0': {}

  '@myriaddreamin/typst-ts-web-compiler@0.7.0': {}

  '@myriaddreamin/typst.ts@0.7.0(@myriaddreamin/typst-ts-renderer@0.7.0)(@myriaddreamin/typst-ts-web-compiler@0.7.0)':
    dependencies:
      idb: 7.1.1
    optionalDependencies:
      '@myriaddreamin/typst-ts-renderer': 0.7.0
      '@myriaddreamin/typst-ts-web-compiler': 0.7.0

  idb@7.1.1: {}
